
Microsoft Visual Studio Solution File, Format Version 12.00
# Visual Studio 15
VisualStudioVersion = 15.0.27130.2036
MinimumVisualStudioVersion = 10.0.40219.1
Project("{FAE04EC0-301F-11D3-BF4B-00C04F79EFBC}") = "Task1", "Task1\Task1.csproj", "{58565670-D3B1-42BE-B8FC-88BE21FE12DF}"
EndProject
Project("{FAE04EC0-301F-11D3-BF4B-00C04F79EFBC}") = "Task2", "Task2\Task2.csproj", "{C588B400-BFF5-4889-856B-09A1C5665B96}"
EndProject
Project("{FAE04EC0-301F-11D3-BF4B-00C04F79EFBC}") = "Task3", "Task3\Task3.csproj", "{38BE41B6-C76E-410A-9497-840650289C99}"
EndProject
Project("{FAE04EC0-301F-11D3-BF4B-00C04F79EFBC}") = "Task4", "Task4\Task4.csproj", "{005C966C-D785-4303-8947-00CED1EB890D}"
EndProject
Project("{FAE04EC0-301F-11D3-BF4B-00C04F79EFBC}") = "Task5", "Task5\Task5.csproj", "{2AB56781-FE7B-4866-AD0E-AA5704686E23}"
EndProject
Global
	GlobalSection(SolutionConfigurationPlatforms) = preSolution
		Debug|Any CPU = Debug|Any CPU
		Release|Any CPU = Release|Any CPU
	EndGlobalSection
	GlobalSection(ProjectConfigurationPlatforms) = postSolution
		{58565670-D3B1-42BE-B8FC-88BE21FE12DF}.Debug|Any CPU.ActiveCfg = Debug|Any CPU
		{58565670-D3B1-42BE-B8FC-88BE21FE12DF}.Debug|Any CPU.Build.0 = Debug|Any CPU
		{58565670-D3B1-42BE-B8FC-88BE21FE12DF}.Release|Any CPU.ActiveCfg = Release|Any CPU
		{58565670-D3B1-42BE-B8FC-88BE21FE12DF}.Release|Any CPU.Build.0 = Release|Any CPU
		{C588B400-BFF5-4889-856B-09A1C5665B96}.Debug|Any CPU.ActiveCfg = Debug|Any CPU
		{C588B400-BFF5-4889-856B-09A1C5665B96}.Debug|Any CPU.Build.0 = Debug|Any CPU
		{C588B400-BFF5-4889-856B-09A1C5665B96}.Release|Any CPU.ActiveCfg = Release|Any CPU
		{C588B400-BFF5-4889-856B-09A1C5665B96}.Release|Any CPU.Build.0 = Release|Any CPU
		{38BE41B6-C76E-410A-9497-840650289C99}.Debug|Any CPU.ActiveCfg = Debug|Any CPU
		{38BE41B6-C76E-410A-9497-840650289C99}.Debug|Any CPU.Build.0 = Debug|Any CPU
		{38BE41B6-C76E-410A-9497-840650289C99}.Release|Any CPU.ActiveCfg = Release|Any CPU
		{38BE41B6-C76E-410A-9497-840650289C99}.Release|Any CPU.Build.0 = Release|Any CPU
		{005C966C-D785-4303-8947-00CED1EB890D}.Debug|Any CPU.ActiveCfg = Debug|Any CPU
		{005C966C-D785-4303-8947-00CED1EB890D}.Debug|Any CPU.Build.0 = Debug|Any CPU
		{005C966C-D785-4303-8947-00CED1EB890D}.Release|Any CPU.ActiveCfg = Release|Any CPU
		{005C966C-D785-4303-8947-00CED1EB890D}.Release|Any CPU.Build.0 = Release|Any CPU
		{2AB56781-FE7B-4866-AD0E-AA5704686E23}.Debug|Any CPU.ActiveCfg = Debug|Any CPU
		{2AB56781-FE7B-4866-AD0E-AA5704686E23}.Debug|Any CPU.Build.0 = Debug|Any CPU
		{2AB56781-FE7B-4866-AD0E-AA5704686E23}.Release|Any CPU.ActiveCfg = Release|Any CPU
		{2AB56781-FE7B-4866-AD0E-AA5704686E23}.Release|Any CPU.Build.0 = Release|Any CPU
	EndGlobalSection
	GlobalSection(SolutionProperties) = preSolution
		HideSolutionNode = FALSE
	EndGlobalSection
	GlobalSection(ExtensibilityGlobals) = postSolution
		SolutionGuid = {3A497A4D-E515-455B-BEFE-EA56A126628A}
	EndGlobalSection
EndGlobal
